
Microsoft Visual Studio Solution File, Format Version 12.00
# Visual Studio Version 16
VisualStudioVersion = 16.0.30104.148
MinimumVisualStudioVersion = 10.0.40219.1
Project("{FAE04EC0-301F-11D3-BF4B-00C04F79EFBC}") = "SocketApp", "SocketApp.csproj", "{2205B939-BC7C-4B4D-A5F3-4913D9BDC063}"
EndProject
Global
	GlobalSection(SolutionConfigurationPlatforms) = preSolution
		Debug|Any CPU = Debug|Any CPU
		Release|Any CPU = Release|Any CPU
	EndGlobalSection
	GlobalSection(ProjectConfigurationPlatforms) = postSolution
		{2205B939-BC7C-4B4D-A5F3-4913D9BDC063}.Debug|Any CPU.ActiveCfg = Debug|Any CPU
		{2205B939-BC7C-4B4D-A5F3-4913D9BDC063}.Debug|Any CPU.Build.0 = Debug|Any CPU
		{2205B939-BC7C-4B4D-A5F3-4913D9BDC063}.Release|Any CPU.ActiveCfg = Release|Any CPU
		{2205B939-BC7C-4B4D-A5F3-4913D9BDC063}.Release|Any CPU.Build.0 = Release|Any CPU
	EndGlobalSection
	GlobalSection(SolutionProperties) = preSolution
		HideSolutionNode = FALSE
	EndGlobalSection
	GlobalSection(ExtensibilityGlobals) = postSolution
		SolutionGuid = {30636C13-D5A6-4B30-AA2D-F48117C2965C}
	EndGlobalSection
EndGlobal
