
Microsoft Visual Studio Solution File, Format Version 12.00
# Visual Studio Version 16
VisualStudioVersion = 16.0.30104.148
MinimumVisualStudioVersion = 10.0.40219.1
Project("{FAE04EC0-301F-11D3-BF4B-00C04F79EFBC}") = "SocketClientConsoleApp", "SocketClientConsoleApp.csproj", "{EDEC6D8D-CFEC-4B2A-9363-2B2BA6A07732}"
EndProject
Global
	GlobalSection(SolutionConfigurationPlatforms) = preSolution
		Debug|Any CPU = Debug|Any CPU
		Release|Any CPU = Release|Any CPU
	EndGlobalSection
	GlobalSection(ProjectConfigurationPlatforms) = postSolution
		{EDEC6D8D-CFEC-4B2A-9363-2B2BA6A07732}.Debug|Any CPU.ActiveCfg = Debug|Any CPU
		{EDEC6D8D-CFEC-4B2A-9363-2B2BA6A07732}.Debug|Any CPU.Build.0 = Debug|Any CPU
		{EDEC6D8D-CFEC-4B2A-9363-2B2BA6A07732}.Release|Any CPU.ActiveCfg = Release|Any CPU
		{EDEC6D8D-CFEC-4B2A-9363-2B2BA6A07732}.Release|Any CPU.Build.0 = Release|Any CPU
	EndGlobalSection
	GlobalSection(SolutionProperties) = preSolution
		HideSolutionNode = FALSE
	EndGlobalSection
	GlobalSection(ExtensibilityGlobals) = postSolution
		SolutionGuid = {9914C44D-FE3B-4950-A7C6-B7EB87637E9A}
	EndGlobalSection
EndGlobal
